
Microsoft Visual Studio Solution File, Format Version 12.00
# Visual Studio 14
VisualStudioVersion = 14.0.24720.0
MinimumVisualStudioVersion = 10.0.40219.1
Project("{FAE04EC0-301F-11D3-BF4B-00C04F79EFBC}") = "WarrantyOrganizer", "WarrantyOrganizer\WarrantyOrganizer.csproj", "{8C664363-A3C7-45AA-B33E-38F73B9CE512}"
EndProject
Project("{FAE04EC0-301F-11D3-BF4B-00C04F79EFBC}") = "Core", "Core\Core.csproj", "{B4BBED35-7443-4595-B035-A269FABBC4F2}"
EndProject
Project("{FAE04EC0-301F-11D3-BF4B-00C04F79EFBC}") = "CoreTest", "CoreTest\CoreTest.csproj", "{E73EADFB-BA80-4253-8EEE-BBD88B3D3A2A}"
EndProject
Global
	GlobalSection(SolutionConfigurationPlatforms) = preSolution
		Debug|Any CPU = Debug|Any CPU
		Release|Any CPU = Release|Any CPU
	EndGlobalSection
	GlobalSection(ProjectConfigurationPlatforms) = postSolution
		{8C664363-A3C7-45AA-B33E-38F73B9CE512}.Debug|Any CPU.ActiveCfg = Debug|Any CPU
		{8C664363-A3C7-45AA-B33E-38F73B9CE512}.Debug|Any CPU.Build.0 = Debug|Any CPU
		{8C664363-A3C7-45AA-B33E-38F73B9CE512}.Release|Any CPU.ActiveCfg = Release|Any CPU
		{8C664363-A3C7-45AA-B33E-38F73B9CE512}.Release|Any CPU.Build.0 = Release|Any CPU
		{B4BBED35-7443-4595-B035-A269FABBC4F2}.Debug|Any CPU.ActiveCfg = Debug|Any CPU
		{B4BBED35-7443-4595-B035-A269FABBC4F2}.Debug|Any CPU.Build.0 = Debug|Any CPU
		{B4BBED35-7443-4595-B035-A269FABBC4F2}.Release|Any CPU.ActiveCfg = Release|Any CPU
		{B4BBED35-7443-4595-B035-A269FABBC4F2}.Release|Any CPU.Build.0 = Release|Any CPU
		{E73EADFB-BA80-4253-8EEE-BBD88B3D3A2A}.Debug|Any CPU.ActiveCfg = Debug|Any CPU
		{E73EADFB-BA80-4253-8EEE-BBD88B3D3A2A}.Debug|Any CPU.Build.0 = Debug|Any CPU
		{E73EADFB-BA80-4253-8EEE-BBD88B3D3A2A}.Release|Any CPU.ActiveCfg = Release|Any CPU
		{E73EADFB-BA80-4253-8EEE-BBD88B3D3A2A}.Release|Any CPU.Build.0 = Release|Any CPU
	EndGlobalSection
	GlobalSection(SolutionProperties) = preSolution
		HideSolutionNode = FALSE
	EndGlobalSection
EndGlobal
